
Microsoft Visual Studio Solution File, Format Version 12.00
# Visual Studio Version 17
VisualStudioVersion = 17.0.31710.8
MinimumVisualStudioVersion = 10.0.40219.1
Project("{9A19103F-16F7-4668-BE54-9A1E7A4F7556}") = "API", "API\API.csproj", "{C21ACDF2-04BA-487F-9A8D-BB0EE11BE220}"
EndProject
Project("{9A19103F-16F7-4668-BE54-9A1E7A4F7556}") = "Application", "Application\Application.csproj", "{AB3B8B22-3D72-4EBB-B5E9-79D8904F4517}"
EndProject
Project("{9A19103F-16F7-4668-BE54-9A1E7A4F7556}") = "Domain", "Domain\Domain.csproj", "{9F1A8717-8F6F-4A95-8549-E319594B4A48}"
EndProject
Project("{9A19103F-16F7-4668-BE54-9A1E7A4F7556}") = "Infrastructure", "Infrastructure\Infrastructure.csproj", "{397C044C-A546-47CA-BC9A-485FB101E6CB}"
EndProject
Project("{9A19103F-16F7-4668-BE54-9A1E7A4F7556}") = "Persistence", "Persistence\Persistence.csproj", "{D4A25BC8-5FC5-4AE5-A466-983B05D40D7C}"
EndProject
Global
	GlobalSection(SolutionConfigurationPlatforms) = preSolution
		Debug|Any CPU = Debug|Any CPU
		Release|Any CPU = Release|Any CPU
	EndGlobalSection
	GlobalSection(ProjectConfigurationPlatforms) = postSolution
		{C21ACDF2-04BA-487F-9A8D-BB0EE11BE220}.Debug|Any CPU.ActiveCfg = Debug|Any CPU
		{C21ACDF2-04BA-487F-9A8D-BB0EE11BE220}.Debug|Any CPU.Build.0 = Debug|Any CPU
		{C21ACDF2-04BA-487F-9A8D-BB0EE11BE220}.Release|Any CPU.ActiveCfg = Release|Any CPU
		{C21ACDF2-04BA-487F-9A8D-BB0EE11BE220}.Release|Any CPU.Build.0 = Release|Any CPU
		{AB3B8B22-3D72-4EBB-B5E9-79D8904F4517}.Debug|Any CPU.ActiveCfg = Debug|Any CPU
		{AB3B8B22-3D72-4EBB-B5E9-79D8904F4517}.Debug|Any CPU.Build.0 = Debug|Any CPU
		{AB3B8B22-3D72-4EBB-B5E9-79D8904F4517}.Release|Any CPU.ActiveCfg = Release|Any CPU
		{AB3B8B22-3D72-4EBB-B5E9-79D8904F4517}.Release|Any CPU.Build.0 = Release|Any CPU
		{9F1A8717-8F6F-4A95-8549-E319594B4A48}.Debug|Any CPU.ActiveCfg = Debug|Any CPU
		{9F1A8717-8F6F-4A95-8549-E319594B4A48}.Debug|Any CPU.Build.0 = Debug|Any CPU
		{9F1A8717-8F6F-4A95-8549-E319594B4A48}.Release|Any CPU.ActiveCfg = Release|Any CPU
		{9F1A8717-8F6F-4A95-8549-E319594B4A48}.Release|Any CPU.Build.0 = Release|Any CPU
		{397C044C-A546-47CA-BC9A-485FB101E6CB}.Debug|Any CPU.ActiveCfg = Debug|Any CPU
		{397C044C-A546-47CA-BC9A-485FB101E6CB}.Debug|Any CPU.Build.0 = Debug|Any CPU
		{397C044C-A546-47CA-BC9A-485FB101E6CB}.Release|Any CPU.ActiveCfg = Release|Any CPU
		{397C044C-A546-47CA-BC9A-485FB101E6CB}.Release|Any CPU.Build.0 = Release|Any CPU
		{D4A25BC8-5FC5-4AE5-A466-983B05D40D7C}.Debug|Any CPU.ActiveCfg = Debug|Any CPU
		{D4A25BC8-5FC5-4AE5-A466-983B05D40D7C}.Debug|Any CPU.Build.0 = Debug|Any CPU
		{D4A25BC8-5FC5-4AE5-A466-983B05D40D7C}.Release|Any CPU.ActiveCfg = Release|Any CPU
		{D4A25BC8-5FC5-4AE5-A466-983B05D40D7C}.Release|Any CPU.Build.0 = Release|Any CPU
	EndGlobalSection
	GlobalSection(SolutionProperties) = preSolution
		HideSolutionNode = FALSE
	EndGlobalSection
	GlobalSection(ExtensibilityGlobals) = postSolution
		SolutionGuid = {4BFD1829-3593-4BE4-970E-0ABEDAEEFB54}
	EndGlobalSection
EndGlobal
