
Microsoft Visual Studio Solution File, Format Version 12.00
# Visual Studio Version 16
VisualStudioVersion = 16.0.30114.105
MinimumVisualStudioVersion = 10.0.40219.1
Project("{FAE04EC0-301F-11D3-BF4B-00C04F79EFBC}") = "API", "API\API.csproj", "{708527C9-2A98-448B-9D7F-DC747464305F}"
EndProject
Project("{FAE04EC0-301F-11D3-BF4B-00C04F79EFBC}") = "Application", "Application\Application.csproj", "{013096A8-90FF-4F03-8624-AE3624F07267}"
EndProject
Project("{FAE04EC0-301F-11D3-BF4B-00C04F79EFBC}") = "Domain", "Domain\Domain.csproj", "{602B86C6-EB9F-40D8-B6AE-4A12D3C6E73F}"
EndProject
Project("{FAE04EC0-301F-11D3-BF4B-00C04F79EFBC}") = "Persistance", "Persistance\Persistance.csproj", "{95B3FDC9-525F-4692-B0AC-4FCBB7ADFBD2}"
EndProject
Project("{FAE04EC0-301F-11D3-BF4B-00C04F79EFBC}") = "Infrastructure", "Infrastructure\Infrastructure.csproj", "{BB2D45BD-D9AB-4178-9A0B-C32327A6D11B}"
EndProject
Global
	GlobalSection(SolutionConfigurationPlatforms) = preSolution
		Debug|Any CPU = Debug|Any CPU
		Debug|x64 = Debug|x64
		Debug|x86 = Debug|x86
		Release|Any CPU = Release|Any CPU
		Release|x64 = Release|x64
		Release|x86 = Release|x86
	EndGlobalSection
	GlobalSection(SolutionProperties) = preSolution
		HideSolutionNode = FALSE
	EndGlobalSection
	GlobalSection(ProjectConfigurationPlatforms) = postSolution
		{708527C9-2A98-448B-9D7F-DC747464305F}.Debug|Any CPU.ActiveCfg = Debug|Any CPU
		{708527C9-2A98-448B-9D7F-DC747464305F}.Debug|Any CPU.Build.0 = Debug|Any CPU
		{708527C9-2A98-448B-9D7F-DC747464305F}.Debug|x64.ActiveCfg = Debug|Any CPU
		{708527C9-2A98-448B-9D7F-DC747464305F}.Debug|x64.Build.0 = Debug|Any CPU
		{708527C9-2A98-448B-9D7F-DC747464305F}.Debug|x86.ActiveCfg = Debug|Any CPU
		{708527C9-2A98-448B-9D7F-DC747464305F}.Debug|x86.Build.0 = Debug|Any CPU
		{708527C9-2A98-448B-9D7F-DC747464305F}.Release|Any CPU.ActiveCfg = Release|Any CPU
		{708527C9-2A98-448B-9D7F-DC747464305F}.Release|Any CPU.Build.0 = Release|Any CPU
		{708527C9-2A98-448B-9D7F-DC747464305F}.Release|x64.ActiveCfg = Release|Any CPU
		{708527C9-2A98-448B-9D7F-DC747464305F}.Release|x64.Build.0 = Release|Any CPU
		{708527C9-2A98-448B-9D7F-DC747464305F}.Release|x86.ActiveCfg = Release|Any CPU
		{708527C9-2A98-448B-9D7F-DC747464305F}.Release|x86.Build.0 = Release|Any CPU
		{013096A8-90FF-4F03-8624-AE3624F07267}.Debug|Any CPU.ActiveCfg = Debug|Any CPU
		{013096A8-90FF-4F03-8624-AE3624F07267}.Debug|Any CPU.Build.0 = Debug|Any CPU
		{013096A8-90FF-4F03-8624-AE3624F07267}.Debug|x64.ActiveCfg = Debug|Any CPU
		{013096A8-90FF-4F03-8624-AE3624F07267}.Debug|x64.Build.0 = Debug|Any CPU
		{013096A8-90FF-4F03-8624-AE3624F07267}.Debug|x86.ActiveCfg = Debug|Any CPU
		{013096A8-90FF-4F03-8624-AE3624F07267}.Debug|x86.Build.0 = Debug|Any CPU
		{013096A8-90FF-4F03-8624-AE3624F07267}.Release|Any CPU.ActiveCfg = Release|Any CPU
		{013096A8-90FF-4F03-8624-AE3624F07267}.Release|Any CPU.Build.0 = Release|Any CPU
		{013096A8-90FF-4F03-8624-AE3624F07267}.Release|x64.ActiveCfg = Release|Any CPU
		{013096A8-90FF-4F03-8624-AE3624F07267}.Release|x64.Build.0 = Release|Any CPU
		{013096A8-90FF-4F03-8624-AE3624F07267}.Release|x86.ActiveCfg = Release|Any CPU
		{013096A8-90FF-4F03-8624-AE3624F07267}.Release|x86.Build.0 = Release|Any CPU
		{602B86C6-EB9F-40D8-B6AE-4A12D3C6E73F}.Debug|Any CPU.ActiveCfg = Debug|Any CPU
		{602B86C6-EB9F-40D8-B6AE-4A12D3C6E73F}.Debug|Any CPU.Build.0 = Debug|Any CPU
		{602B86C6-EB9F-40D8-B6AE-4A12D3C6E73F}.Debug|x64.ActiveCfg = Debug|Any CPU
		{602B86C6-EB9F-40D8-B6AE-4A12D3C6E73F}.Debug|x64.Build.0 = Debug|Any CPU
		{602B86C6-EB9F-40D8-B6AE-4A12D3C6E73F}.Debug|x86.ActiveCfg = Debug|Any CPU
		{602B86C6-EB9F-40D8-B6AE-4A12D3C6E73F}.Debug|x86.Build.0 = Debug|Any CPU
		{602B86C6-EB9F-40D8-B6AE-4A12D3C6E73F}.Release|Any CPU.ActiveCfg = Release|Any CPU
		{602B86C6-EB9F-40D8-B6AE-4A12D3C6E73F}.Release|Any CPU.Build.0 = Release|Any CPU
		{602B86C6-EB9F-40D8-B6AE-4A12D3C6E73F}.Release|x64.ActiveCfg = Release|Any CPU
		{602B86C6-EB9F-40D8-B6AE-4A12D3C6E73F}.Release|x64.Build.0 = Release|Any CPU
		{602B86C6-EB9F-40D8-B6AE-4A12D3C6E73F}.Release|x86.ActiveCfg = Release|Any CPU
		{602B86C6-EB9F-40D8-B6AE-4A12D3C6E73F}.Release|x86.Build.0 = Release|Any CPU
		{95B3FDC9-525F-4692-B0AC-4FCBB7ADFBD2}.Debug|Any CPU.ActiveCfg = Debug|Any CPU
		{95B3FDC9-525F-4692-B0AC-4FCBB7ADFBD2}.Debug|Any CPU.Build.0 = Debug|Any CPU
		{95B3FDC9-525F-4692-B0AC-4FCBB7ADFBD2}.Debug|x64.ActiveCfg = Debug|Any CPU
		{95B3FDC9-525F-4692-B0AC-4FCBB7ADFBD2}.Debug|x64.Build.0 = Debug|Any CPU
		{95B3FDC9-525F-4692-B0AC-4FCBB7ADFBD2}.Debug|x86.ActiveCfg = Debug|Any CPU
		{95B3FDC9-525F-4692-B0AC-4FCBB7ADFBD2}.Debug|x86.Build.0 = Debug|Any CPU
		{95B3FDC9-525F-4692-B0AC-4FCBB7ADFBD2}.Release|Any CPU.ActiveCfg = Release|Any CPU
		{95B3FDC9-525F-4692-B0AC-4FCBB7ADFBD2}.Release|Any CPU.Build.0 = Release|Any CPU
		{95B3FDC9-525F-4692-B0AC-4FCBB7ADFBD2}.Release|x64.ActiveCfg = Release|Any CPU
		{95B3FDC9-525F-4692-B0AC-4FCBB7ADFBD2}.Release|x64.Build.0 = Release|Any CPU
		{95B3FDC9-525F-4692-B0AC-4FCBB7ADFBD2}.Release|x86.ActiveCfg = Release|Any CPU
		{95B3FDC9-525F-4692-B0AC-4FCBB7ADFBD2}.Release|x86.Build.0 = Release|Any CPU
		{BB2D45BD-D9AB-4178-9A0B-C32327A6D11B}.Debug|Any CPU.ActiveCfg = Debug|Any CPU
		{BB2D45BD-D9AB-4178-9A0B-C32327A6D11B}.Debug|Any CPU.Build.0 = Debug|Any CPU
		{BB2D45BD-D9AB-4178-9A0B-C32327A6D11B}.Debug|x64.ActiveCfg = Debug|Any CPU
		{BB2D45BD-D9AB-4178-9A0B-C32327A6D11B}.Debug|x64.Build.0 = Debug|Any CPU
		{BB2D45BD-D9AB-4178-9A0B-C32327A6D11B}.Debug|x86.ActiveCfg = Debug|Any CPU
		{BB2D45BD-D9AB-4178-9A0B-C32327A6D11B}.Debug|x86.Build.0 = Debug|Any CPU
		{BB2D45BD-D9AB-4178-9A0B-C32327A6D11B}.Release|Any CPU.ActiveCfg = Release|Any CPU
		{BB2D45BD-D9AB-4178-9A0B-C32327A6D11B}.Release|Any CPU.Build.0 = Release|Any CPU
		{BB2D45BD-D9AB-4178-9A0B-C32327A6D11B}.Release|x64.ActiveCfg = Release|Any CPU
		{BB2D45BD-D9AB-4178-9A0B-C32327A6D11B}.Release|x64.Build.0 = Release|Any CPU
		{BB2D45BD-D9AB-4178-9A0B-C32327A6D11B}.Release|x86.ActiveCfg = Release|Any CPU
		{BB2D45BD-D9AB-4178-9A0B-C32327A6D11B}.Release|x86.Build.0 = Release|Any CPU
	EndGlobalSection
EndGlobal
